
Microsoft Visual Studio Solution File, Format Version 12.00
# Visual Studio 2017
Project("{FAE04EC0-301F-11D3-BF4B-00C04F79EFBC}") = "KitmanLabsInterview", "KitmanLabsInterview.csproj", "{E74A868D-DC71-ADE9-6B52-F34CBCDE8DFC}"
EndProject
Global
	GlobalSection(SolutionConfigurationPlatforms) = preSolution
		Debug|Any CPU = Debug|Any CPU
		Release|Any CPU = Release|Any CPU
	EndGlobalSection
	GlobalSection(ProjectConfigurationPlatforms) = postSolution
		{E74A868D-DC71-ADE9-6B52-F34CBCDE8DFC}.Debug|Any CPU.ActiveCfg = Debug|Any CPU
		{E74A868D-DC71-ADE9-6B52-F34CBCDE8DFC}.Debug|Any CPU.Build.0 = Debug|Any CPU
		{E74A868D-DC71-ADE9-6B52-F34CBCDE8DFC}.Release|Any CPU.ActiveCfg = Release|Any CPU
		{E74A868D-DC71-ADE9-6B52-F34CBCDE8DFC}.Release|Any CPU.Build.0 = Release|Any CPU
	EndGlobalSection
	GlobalSection(SolutionProperties) = preSolution
		HideSolutionNode = FALSE
	EndGlobalSection
EndGlobal
